// !$*UTF8*$!
{
	archiveVersion = 1;
	classes = {
	};
	objectVersion = 46;
	objects = {

/* Begin PBXBuildFile section */
		8C208BC821A86E9400DDD50E /* CryptorRSAKey.swift in Sources */ = {isa = PBXBuildFile; fileRef = 8CF9FB781E2FBFB600F23746 /* CryptorRSAKey.swift */; };
		8C208BC921A86E9400DDD50E /* CryptorRSAUtilities.swift in Sources */ = {isa = PBXBuildFile; fileRef = 8CF9FB741E2E75F800F23746 /* CryptorRSAUtilities.swift */; };
		8C208BCA21A86E9400DDD50E /* SSLPointerTricks.swift in Sources */ = {isa = PBXBuildFile; fileRef = 8C7111F02199B9F5003CF4B3 /* SSLPointerTricks.swift */; };
		8C208BCB21A86E9400DDD50E /* CryptorRSAConstants.swift in Sources */ = {isa = PBXBuildFile; fileRef = 8CF9FB7A1E2FC07500F23746 /* CryptorRSAConstants.swift */; };
		8C208BCC21A86E9400DDD50E /* CryptorRSA.swift in Sources */ = {isa = PBXBuildFile; fileRef = OBJ_9 /* CryptorRSA.swift */; };
		8C208BCD21A86E9400DDD50E /* CryptorRSADigest.swift in Sources */ = {isa = PBXBuildFile; fileRef = 8CF9FB981E302A4900F23746 /* CryptorRSADigest.swift */; };
		8C208BCE21A86E9400DDD50E /* CryptorRSAErrors.swift in Sources */ = {isa = PBXBuildFile; fileRef = 8CF9FB7C1E2FC14F00F23746 /* CryptorRSAErrors.swift */; };
		8C7111F12199B9F5003CF4B3 /* SSLPointerTricks.swift in Sources */ = {isa = PBXBuildFile; fileRef = 8C7111F02199B9F5003CF4B3 /* SSLPointerTricks.swift */; };
		8C7925D81E32570300C1369E /* multiple-keys-testcase.pem in Resources */ = {isa = PBXBuildFile; fileRef = 8C7925C41E32566D00C1369E /* multiple-keys-testcase.pem */; };
		8C7925D91E32570300C1369E /* multiple-keys-testcase.sh in Resources */ = {isa = PBXBuildFile; fileRef = 8C7925C51E32566D00C1369E /* multiple-keys-testcase.sh */; };
		8C7925DA1E32570300C1369E /* private-headerless.pem in Resources */ = {isa = PBXBuildFile; fileRef = 8C7925C61E32566D00C1369E /* private-headerless.pem */; };
		8C7925DB1E32570300C1369E /* private.der in Resources */ = {isa = PBXBuildFile; fileRef = 8C7925C71E32566D00C1369E /* private.der */; };
		8C7925DC1E32570300C1369E /* private.pem in Resources */ = {isa = PBXBuildFile; fileRef = 8C7925C81E32566D00C1369E /* private.pem */; };
		8C7925DD1E32570300C1369E /* public-base64-newlines.txt in Resources */ = {isa = PBXBuildFile; fileRef = 8C7925C91E32566D00C1369E /* public-base64-newlines.txt */; };
		8C7925DE1E32570300C1369E /* public-base64.txt in Resources */ = {isa = PBXBuildFile; fileRef = 8C7925CA1E32566D00C1369E /* public-base64.txt */; };
		8C7925DF1E32570300C1369E /* public-headerless.pem in Resources */ = {isa = PBXBuildFile; fileRef = 8C7925CB1E32566D00C1369E /* public-headerless.pem */; };
		8C7925E01E32570300C1369E /* public.der in Resources */ = {isa = PBXBuildFile; fileRef = 8C7925CC1E32566D00C1369E /* public.der */; };
		8C7925E11E32570300C1369E /* public.pem in Resources */ = {isa = PBXBuildFile; fileRef = 8C7925CD1E32566D00C1369E /* public.pem */; };
		8C9174C61E37BB68004A801E /* staging.cer in Resources */ = {isa = PBXBuildFile; fileRef = 8C9174C51E37BAD3004A801E /* staging.cer */; };
		8CB8EDC71E40CCE80073783A /* staging2.cer in Resources */ = {isa = PBXBuildFile; fileRef = 8CB8EDC61E40CB990073783A /* staging2.cer */; };
		8CF9FB751E2E75F800F23746 /* CryptorRSAUtilities.swift in Sources */ = {isa = PBXBuildFile; fileRef = 8CF9FB741E2E75F800F23746 /* CryptorRSAUtilities.swift */; };
		8CF9FB791E2FBFB600F23746 /* CryptorRSAKey.swift in Sources */ = {isa = PBXBuildFile; fileRef = 8CF9FB781E2FBFB600F23746 /* CryptorRSAKey.swift */; };
		8CF9FB7B1E2FC07500F23746 /* CryptorRSAConstants.swift in Sources */ = {isa = PBXBuildFile; fileRef = 8CF9FB7A1E2FC07500F23746 /* CryptorRSAConstants.swift */; };
		8CF9FB7D1E2FC14F00F23746 /* CryptorRSAErrors.swift in Sources */ = {isa = PBXBuildFile; fileRef = 8CF9FB7C1E2FC14F00F23746 /* CryptorRSAErrors.swift */; };
		8CF9FB991E302A4900F23746 /* CryptorRSADigest.swift in Sources */ = {isa = PBXBuildFile; fileRef = 8CF9FB981E302A4900F23746 /* CryptorRSADigest.swift */; };
		OBJ_21 /* CryptorRSA.swift in Sources */ = {isa = PBXBuildFile; fileRef = OBJ_9 /* CryptorRSA.swift */; };
		OBJ_28 /* CryptorRSATests.swift in Sources */ = {isa = PBXBuildFile; fileRef = OBJ_12 /* CryptorRSATests.swift */; };
		OBJ_30 /* CryptorRSA.framework in Frameworks */ = {isa = PBXBuildFile; fileRef = OBJ_14 /* CryptorRSA.framework */; };
/* End PBXBuildFile section */

/* Begin PBXContainerItemProxy section */
		8CF9FB6E1E2E6AA800F23746 /* PBXContainerItemProxy */ = {
			isa = PBXContainerItemProxy;
			containerPortal = OBJ_1 /* Project object */;
			proxyType = 1;
			remoteGlobalIDString = OBJ_16;
			remoteInfo = CryptorRSA;
		};
/* End PBXContainerItemProxy section */

/* Begin PBXFileReference section */
		8C208BD321A86E9400DDD50E /* CryptorRSA.framework */ = {isa = PBXFileReference; explicitFileType = wrapper.framework; includeInIndex = 0; path = CryptorRSA.framework; sourceTree = BUILT_PRODUCTS_DIR; };
		8C208BD821A8701E00DDD50E /* CryptorRSA-iOS.h */ = {isa = PBXFileReference; lastKnownFileType = sourcecode.c.h; path = "CryptorRSA-iOS.h"; sourceTree = "<group>"; };
		8C208BD921A8701E00DDD50E /* Info.plist */ = {isa = PBXFileReference; lastKnownFileType = text.plist.xml; path = Info.plist; sourceTree = "<group>"; };
		8C7111F02199B9F5003CF4B3 /* SSLPointerTricks.swift */ = {isa = PBXFileReference; fileEncoding = 4; lastKnownFileType = sourcecode.swift; name = SSLPointerTricks.swift; path = CryptorRSA/SSLPointerTricks.swift; sourceTree = "<group>"; };
		8C7925C41E32566D00C1369E /* multiple-keys-testcase.pem */ = {isa = PBXFileReference; fileEncoding = 4; lastKnownFileType = text; name = "multiple-keys-testcase.pem"; path = "keys/multiple-keys-testcase.pem"; sourceTree = "<group>"; };
		8C7925C51E32566D00C1369E /* multiple-keys-testcase.sh */ = {isa = PBXFileReference; fileEncoding = 4; lastKnownFileType = text.script.sh; name = "multiple-keys-testcase.sh"; path = "keys/multiple-keys-testcase.sh"; sourceTree = "<group>"; };
		8C7925C61E32566D00C1369E /* private-headerless.pem */ = {isa = PBXFileReference; fileEncoding = 4; lastKnownFileType = text; name = "private-headerless.pem"; path = "keys/private-headerless.pem"; sourceTree = "<group>"; };
		8C7925C71E32566D00C1369E /* private.der */ = {isa = PBXFileReference; lastKnownFileType = file; name = private.der; path = keys/private.der; sourceTree = "<group>"; };
		8C7925C81E32566D00C1369E /* private.pem */ = {isa = PBXFileReference; fileEncoding = 4; lastKnownFileType = text; name = private.pem; path = keys/private.pem; sourceTree = "<group>"; };
		8C7925C91E32566D00C1369E /* public-base64-newlines.txt */ = {isa = PBXFileReference; fileEncoding = 4; lastKnownFileType = text; name = "public-base64-newlines.txt"; path = "keys/public-base64-newlines.txt"; sourceTree = "<group>"; };
		8C7925CA1E32566D00C1369E /* public-base64.txt */ = {isa = PBXFileReference; fileEncoding = 4; lastKnownFileType = text; name = "public-base64.txt"; path = "keys/public-base64.txt"; sourceTree = "<group>"; };
		8C7925CB1E32566D00C1369E /* public-headerless.pem */ = {isa = PBXFileReference; fileEncoding = 4; lastKnownFileType = text; name = "public-headerless.pem"; path = "keys/public-headerless.pem"; sourceTree = "<group>"; };
		8C7925CC1E32566D00C1369E /* public.der */ = {isa = PBXFileReference; lastKnownFileType = file; name = public.der; path = keys/public.der; sourceTree = "<group>"; };
		8C7925CD1E32566D00C1369E /* public.pem */ = {isa = PBXFileReference; fileEncoding = 4; lastKnownFileType = text; name = public.pem; path = keys/public.pem; sourceTree = "<group>"; };
		8C9174C51E37BAD3004A801E /* staging.cer */ = {isa = PBXFileReference; fileEncoding = 4; lastKnownFileType = text; name = staging.cer; path = keys/staging.cer; sourceTree = "<group>"; };
		8CB8EDC61E40CB990073783A /* staging2.cer */ = {isa = PBXFileReference; fileEncoding = 4; lastKnownFileType = text; name = staging2.cer; path = keys/staging2.cer; sourceTree = "<group>"; };
		8CC225C921543A0700CBAB67 /* BlueRSA.podspec */ = {isa = PBXFileReference; lastKnownFileType = text; path = BlueRSA.podspec; sourceTree = "<group>"; };
		8CF9FB6F1E2E6ADD00F23746 /* LinuxMain.swift */ = {isa = PBXFileReference; fileEncoding = 4; lastKnownFileType = sourcecode.swift; path = LinuxMain.swift; sourceTree = "<group>"; };
		8CF9FB711E2E6AF200F23746 /* README.md */ = {isa = PBXFileReference; fileEncoding = 4; lastKnownFileType = net.daringfireball.markdown; path = README.md; sourceTree = "<group>"; };
		8CF9FB731E2E6E8C00F23746 /* LICENSE */ = {isa = PBXFileReference; fileEncoding = 4; lastKnownFileType = text; path = LICENSE; sourceTree = "<group>"; };
		8CF9FB741E2E75F800F23746 /* CryptorRSAUtilities.swift */ = {isa = PBXFileReference; fileEncoding = 4; lastKnownFileType = sourcecode.swift; name = CryptorRSAUtilities.swift; path = CryptorRSA/CryptorRSAUtilities.swift; sourceTree = "<group>"; };
		8CF9FB781E2FBFB600F23746 /* CryptorRSAKey.swift */ = {isa = PBXFileReference; fileEncoding = 4; lastKnownFileType = sourcecode.swift; name = CryptorRSAKey.swift; path = CryptorRSA/CryptorRSAKey.swift; sourceTree = "<group>"; };
		8CF9FB7A1E2FC07500F23746 /* CryptorRSAConstants.swift */ = {isa = PBXFileReference; fileEncoding = 4; lastKnownFileType = sourcecode.swift; name = CryptorRSAConstants.swift; path = CryptorRSA/CryptorRSAConstants.swift; sourceTree = "<group>"; };
		8CF9FB7C1E2FC14F00F23746 /* CryptorRSAErrors.swift */ = {isa = PBXFileReference; fileEncoding = 4; lastKnownFileType = sourcecode.swift; name = CryptorRSAErrors.swift; path = CryptorRSA/CryptorRSAErrors.swift; sourceTree = "<group>"; };
		8CF9FB981E302A4900F23746 /* CryptorRSADigest.swift */ = {isa = PBXFileReference; fileEncoding = 4; lastKnownFileType = sourcecode.swift; name = CryptorRSADigest.swift; path = CryptorRSA/CryptorRSADigest.swift; sourceTree = "<group>"; };
		OBJ_12 /* CryptorRSATests.swift */ = {isa = PBXFileReference; lastKnownFileType = sourcecode.swift; path = CryptorRSATests.swift; sourceTree = "<group>"; };
		OBJ_14 /* CryptorRSA.framework */ = {isa = PBXFileReference; explicitFileType = wrapper.framework; path = CryptorRSA.framework; sourceTree = BUILT_PRODUCTS_DIR; };
		OBJ_15 /* CryptorRSATests.xctest */ = {isa = PBXFileReference; explicitFileType = wrapper.cfbundle; path = CryptorRSATests.xctest; sourceTree = BUILT_PRODUCTS_DIR; };
		OBJ_6 /* Package.swift */ = {isa = PBXFileReference; explicitFileType = sourcecode.swift; path = Package.swift; sourceTree = "<group>"; };
		OBJ_9 /* CryptorRSA.swift */ = {isa = PBXFileReference; lastKnownFileType = sourcecode.swift; name = CryptorRSA.swift; path = CryptorRSA/CryptorRSA.swift; sourceTree = "<group>"; };
/* End PBXFileReference section */

/* Begin PBXFrameworksBuildPhase section */
		8C208BCF21A86E9400DDD50E /* Frameworks */ = {
			isa = PBXFrameworksBuildPhase;
			buildActionMask = 0;
			files = (
			);
			runOnlyForDeploymentPostprocessing = 0;
		};
		OBJ_22 /* Frameworks */ = {
			isa = PBXFrameworksBuildPhase;
			buildActionMask = 0;
			files = (
			);
			runOnlyForDeploymentPostprocessing = 0;
		};
		OBJ_29 /* Frameworks */ = {
			isa = PBXFrameworksBuildPhase;
			buildActionMask = 0;
			files = (
				OBJ_30 /* CryptorRSA.framework in Frameworks */,
			);
			runOnlyForDeploymentPostprocessing = 0;
		};
/* End PBXFrameworksBuildPhase section */

/* Begin PBXGroup section */
		8C208BD721A86F8800DDD50E /* CryptorRSA-iOS */ = {
			isa = PBXGroup;
			children = (
				8C208BD821A8701E00DDD50E /* CryptorRSA-iOS.h */,
				8C208BD921A8701E00DDD50E /* Info.plist */,
			);
			path = "CryptorRSA-iOS";
			sourceTree = "<group>";
		};
		8C7925C31E32565200C1369E /* Keys */ = {
			isa = PBXGroup;
			children = (
				8C7925C41E32566D00C1369E /* multiple-keys-testcase.pem */,
				8C7925C51E32566D00C1369E /* multiple-keys-testcase.sh */,
				8C7925C61E32566D00C1369E /* private-headerless.pem */,
				8C7925C71E32566D00C1369E /* private.der */,
				8C7925C81E32566D00C1369E /* private.pem */,
				8C7925C91E32566D00C1369E /* public-base64-newlines.txt */,
				8C7925CA1E32566D00C1369E /* public-base64.txt */,
				8C7925CB1E32566D00C1369E /* public-headerless.pem */,
				8C7925CC1E32566D00C1369E /* public.der */,
				8C7925CD1E32566D00C1369E /* public.pem */,
				8C9174C51E37BAD3004A801E /* staging.cer */,
				8CB8EDC61E40CB990073783A /* staging2.cer */,
			);
			name = Keys;
			sourceTree = "<group>";
		};
		OBJ_10 /* Tests */ = {
			isa = PBXGroup;
			children = (
				OBJ_11 /* CryptorRSATests */,
				8CF9FB6F1E2E6ADD00F23746 /* LinuxMain.swift */,
			);
			path = Tests;
			sourceTree = "<group>";
		};
		OBJ_11 /* CryptorRSATests */ = {
			isa = PBXGroup;
			children = (
				OBJ_12 /* CryptorRSATests.swift */,
				8C7925C31E32565200C1369E /* Keys */,
			);
			name = CryptorRSATests;
			path = Tests/CryptorRSATests;
			sourceTree = SOURCE_ROOT;
		};
		OBJ_13 /* Products */ = {
			isa = PBXGroup;
			children = (
				OBJ_14 /* CryptorRSA.framework */,
				OBJ_15 /* CryptorRSATests.xctest */,
				8C208BD321A86E9400DDD50E /* CryptorRSA.framework */,
			);
			name = Products;
			sourceTree = BUILT_PRODUCTS_DIR;
		};
		OBJ_5 = {
			isa = PBXGroup;
			children = (
				8CC225C921543A0700CBAB67 /* BlueRSA.podspec */,
				8CF9FB731E2E6E8C00F23746 /* LICENSE */,
				OBJ_6 /* Package.swift */,
				8CF9FB711E2E6AF200F23746 /* README.md */,
				OBJ_7 /* Sources */,
				OBJ_10 /* Tests */,
				OBJ_13 /* Products */,
				8C208BD721A86F8800DDD50E /* CryptorRSA-iOS */,
			);
			sourceTree = "<group>";
		};
		OBJ_7 /* Sources */ = {
			isa = PBXGroup;
			children = (
				OBJ_9 /* CryptorRSA.swift */,
				8CF9FB7A1E2FC07500F23746 /* CryptorRSAConstants.swift */,
				8CF9FB981E302A4900F23746 /* CryptorRSADigest.swift */,
				8CF9FB7C1E2FC14F00F23746 /* CryptorRSAErrors.swift */,
				8CF9FB781E2FBFB600F23746 /* CryptorRSAKey.swift */,
				8CF9FB741E2E75F800F23746 /* CryptorRSAUtilities.swift */,
				8C7111F02199B9F5003CF4B3 /* SSLPointerTricks.swift */,
			);
			path = Sources;
			sourceTree = "<group>";
		};
/* End PBXGroup section */

/* Begin PBXNativeTarget section */
		8C208BC521A86E9400DDD50E /* CryptorRSA-iOS */ = {
			isa = PBXNativeTarget;
			buildConfigurationList = 8C208BD021A86E9400DDD50E /* Build configuration list for PBXNativeTarget "CryptorRSA-iOS" */;
			buildPhases = (
				8C208BC621A86E9400DDD50E /* ShellScript */,
				8C208BC721A86E9400DDD50E /* Sources */,
				8C208BCF21A86E9400DDD50E /* Frameworks */,
			);
			buildRules = (
			);
			dependencies = (
			);
			name = "CryptorRSA-iOS";
			productName = CryptorRSA;
			productReference = 8C208BD321A86E9400DDD50E /* CryptorRSA.framework */;
			productType = "com.apple.product-type.framework";
		};
		OBJ_16 /* CryptorRSA */ = {
			isa = PBXNativeTarget;
			buildConfigurationList = OBJ_17 /* Build configuration list for PBXNativeTarget "CryptorRSA" */;
			buildPhases = (
				8CF9FB971E30295600F23746 /* ShellScript */,
				OBJ_20 /* Sources */,
				OBJ_22 /* Frameworks */,
			);
			buildRules = (
			);
			dependencies = (
			);
			name = CryptorRSA;
			productName = CryptorRSA;
			productReference = OBJ_14 /* CryptorRSA.framework */;
			productType = "com.apple.product-type.framework";
		};
		OBJ_23 /* CryptorRSATests */ = {
			isa = PBXNativeTarget;
			buildConfigurationList = OBJ_24 /* Build configuration list for PBXNativeTarget "CryptorRSATests" */;
			buildPhases = (
				OBJ_27 /* Sources */,
				OBJ_29 /* Frameworks */,
				8C7925C21E32561200C1369E /* Resources */,
			);
			buildRules = (
			);
			dependencies = (
				OBJ_31 /* PBXTargetDependency */,
			);
			name = CryptorRSATests;
			productName = CryptorRSATests;
			productReference = OBJ_15 /* CryptorRSATests.xctest */;
			productType = "com.apple.product-type.bundle.unit-test";
		};
/* End PBXNativeTarget section */

/* Begin PBXProject section */
		OBJ_1 /* Project object */ = {
			isa = PBXProject;
			attributes = {
				LastUpgradeCheck = 0930;
				TargetAttributes = {
					OBJ_16 = {
						LastSwiftMigration = 1000;
					};
					OBJ_23 = {
						LastSwiftMigration = 1000;
					};
				};
			};
			buildConfigurationList = OBJ_2 /* Build configuration list for PBXProject "CryptorRSA" */;
			compatibilityVersion = "Xcode 3.2";
			developmentRegion = English;
			hasScannedForEncodings = 0;
			knownRegions = (
				en,
			);
			mainGroup = OBJ_5;
			productRefGroup = OBJ_13 /* Products */;
			projectDirPath = "";
			projectRoot = "";
			targets = (
				OBJ_16 /* CryptorRSA */,
				OBJ_23 /* CryptorRSATests */,
				8C208BC521A86E9400DDD50E /* CryptorRSA-iOS */,
			);
		};
/* End PBXProject section */

/* Begin PBXResourcesBuildPhase section */
		8C7925C21E32561200C1369E /* Resources */ = {
			isa = PBXResourcesBuildPhase;
			buildActionMask = 2147483647;
			files = (
				8CB8EDC71E40CCE80073783A /* staging2.cer in Resources */,
				8C9174C61E37BB68004A801E /* staging.cer in Resources */,
				8C7925D81E32570300C1369E /* multiple-keys-testcase.pem in Resources */,
				8C7925D91E32570300C1369E /* multiple-keys-testcase.sh in Resources */,
				8C7925DA1E32570300C1369E /* private-headerless.pem in Resources */,
				8C7925DB1E32570300C1369E /* private.der in Resources */,
				8C7925DC1E32570300C1369E /* private.pem in Resources */,
				8C7925DD1E32570300C1369E /* public-base64-newlines.txt in Resources */,
				8C7925DE1E32570300C1369E /* public-base64.txt in Resources */,
				8C7925DF1E32570300C1369E /* public-headerless.pem in Resources */,
				8C7925E01E32570300C1369E /* public.der in Resources */,
				8C7925E11E32570300C1369E /* public.pem in Resources */,
			);
			runOnlyForDeploymentPostprocessing = 0;
		};
/* End PBXResourcesBuildPhase section */

/* Begin PBXShellScriptBuildPhase section */
		8C208BC621A86E9400DDD50E /* ShellScript */ = {
			isa = PBXShellScriptBuildPhase;
			buildActionMask = 2147483647;
			files = (
			);
			inputPaths = (
			);
			outputPaths = (
			);
			runOnlyForDeploymentPostprocessing = 0;
			shellPath = /bin/sh;
			shellScript = "#!/bin/bash\nCC_PATH=\"$SRCROOT/CommonCrypto\"\necho \"$CC_PATH\"\n\nCCMODMAP=$SDKROOT/usr/include/CommonCrypto/module.modulemap\nif [ -e \"$CCMODMAP\" ] ; then\nif [ -e \"$CC_PATH\" ] ; then\nrm -rf \"$CC_PATH\"\nfi\necho \"Modulemap already exists. Skipping generation...\"\nexit 0\nfi\n\nHEADER_FILE1=$SDKROOT/usr/include/CommonCrypto/CommonCrypto.h\nif [ ! -e $HEADER_FILE1 ] ; then\necho \"ERROR: The CommonCrypto.h header file could not be found.\"\nexit 1\nfi\n\nHEADER_FILE2=$SDKROOT/usr/include/CommonCrypto/CommonRandom.h\nif [ ! -e $HEADER_FILE2 ] ; then\necho \"ERROR: The CommonRandom.h header file could not be found.\"\nexit 1\nfi\n\nif [ -e \"$CC_PATH\" ] ; then\necho \"$CC_PATH exists...\"\nelse\nmkdir -p \"$CC_PATH\"\nfi\n\n# Write the module.map file\ncat <<_EOF_ > \"$CC_PATH/module.map\"\nmodule CommonCrypto [system] {\n    header \"$HEADER_FILE1\"\n    header \"$HEADER_FILE2\"\n    export *\n}\n\nmodule OpenSSL [system] {\n    header \"/usr/local/opt/openssl/include/openssl/conf.h\"\n    header \"/usr/local/opt/openssl/include/openssl/evp.h\"\n    header \"/usr/local/opt/openssl/include/openssl/err.h\"\n    header \"/usr/local/opt/openssl/include/openssl/bio.h\"\n    header \"/usr/local/opt/openssl/include/openssl/ssl.h\"\n    header \"/usr/local/opt/openssl/include/openssl/md4.h\"\n    header \"/usr/local/opt/openssl/include/openssl/md5.h\"\n    header \"/usr/local/opt/openssl/include/openssl/sha.h\"\n    header \"/usr/local/opt/openssl/include/openssl/hmac.h\"\n    header \"/usr/local/opt/openssl/include/openssl/rand.h\"\n    link \"ssl\"\n    link \"crypto\"\n}\n_EOF_\necho \"Created CommonCrypto Module Map.  CommonCrypto Framework now available.\"\n";
		};
		8CF9FB971E30295600F23746 /* ShellScript */ = {
			isa = PBXShellScriptBuildPhase;
			buildActionMask = 2147483647;
			files = (
			);
			inputPaths = (
			);
			outputPaths = (
			);
			runOnlyForDeploymentPostprocessing = 0;
			shellPath = /bin/sh;
			shellScript = "#!/bin/bash\nCC_PATH=\"$SRCROOT/CommonCrypto\"\necho \"$CC_PATH\"\n\nCCMODMAP=$SDKROOT/usr/include/CommonCrypto/module.modulemap\nif [ -e \"$CCMODMAP\" ] ; then\nif [ -e \"$CC_PATH\" ] ; then\nrm -rf \"$CC_PATH\"\nfi\necho \"Modulemap already exists. Skipping generation...\"\nexit 0\nfi\n\nHEADER_FILE1=$SDKROOT/usr/include/CommonCrypto/CommonCrypto.h\nif [ ! -e $HEADER_FILE1 ] ; then\necho \"ERROR: The CommonCrypto.h header file could not be found.\"\nexit 1\nfi\n\nHEADER_FILE2=$SDKROOT/usr/include/CommonCrypto/CommonRandom.h\nif [ ! -e $HEADER_FILE2 ] ; then\necho \"ERROR: The CommonRandom.h header file could not be found.\"\nexit 1\nfi\n\nif [ -e \"$CC_PATH\" ] ; then\necho \"$CC_PATH exists...\"\nelse\nmkdir -p \"$CC_PATH\"\nfi\n\n# Write the module.map file\ncat <<_EOF_ > \"$CC_PATH/module.map\"\nmodule CommonCrypto [system] {\n    header \"$HEADER_FILE1\"\n    header \"$HEADER_FILE2\"\n    export *\n}\n\nmodule OpenSSL [system] {\n    header \"/usr/local/opt/openssl/include/openssl/conf.h\"\n    header \"/usr/local/opt/openssl/include/openssl/evp.h\"\n    header \"/usr/local/opt/openssl/include/openssl/err.h\"\n    header \"/usr/local/opt/openssl/include/openssl/bio.h\"\n    header \"/usr/local/opt/openssl/include/openssl/ssl.h\"\n    header \"/usr/local/opt/openssl/include/openssl/md4.h\"\n    header \"/usr/local/opt/openssl/include/openssl/md5.h\"\n    header \"/usr/local/opt/openssl/include/openssl/sha.h\"\n    header \"/usr/local/opt/openssl/include/openssl/hmac.h\"\n    header \"/usr/local/opt/openssl/include/openssl/rand.h\"\n    link \"ssl\"\n    link \"crypto\"\n}\n_EOF_\necho \"Created CommonCrypto Module Map.  CommonCrypto Framework now available.\"\n";
		};
/* End PBXShellScriptBuildPhase section */

/* Begin PBXSourcesBuildPhase section */
		8C208BC721A86E9400DDD50E /* Sources */ = {
			isa = PBXSourcesBuildPhase;
			buildActionMask = 0;
			files = (
				8C208BC821A86E9400DDD50E /* CryptorRSAKey.swift in Sources */,
				8C208BC921A86E9400DDD50E /* CryptorRSAUtilities.swift in Sources */,
				8C208BCA21A86E9400DDD50E /* SSLPointerTricks.swift in Sources */,
				8C208BCB21A86E9400DDD50E /* CryptorRSAConstants.swift in Sources */,
				8C208BCC21A86E9400DDD50E /* CryptorRSA.swift in Sources */,
				8C208BCD21A86E9400DDD50E /* CryptorRSADigest.swift in Sources */,
				8C208BCE21A86E9400DDD50E /* CryptorRSAErrors.swift in Sources */,
			);
			runOnlyForDeploymentPostprocessing = 0;
		};
		OBJ_20 /* Sources */ = {
			isa = PBXSourcesBuildPhase;
			buildActionMask = 0;
			files = (
				8CF9FB791E2FBFB600F23746 /* CryptorRSAKey.swift in Sources */,
				8CF9FB751E2E75F800F23746 /* CryptorRSAUtilities.swift in Sources */,
				8C7111F12199B9F5003CF4B3 /* SSLPointerTricks.swift in Sources */,
				8CF9FB7B1E2FC07500F23746 /* CryptorRSAConstants.swift in Sources */,
				OBJ_21 /* CryptorRSA.swift in Sources */,
				8CF9FB991E302A4900F23746 /* CryptorRSADigest.swift in Sources */,
				8CF9FB7D1E2FC14F00F23746 /* CryptorRSAErrors.swift in Sources */,
			);
			runOnlyForDeploymentPostprocessing = 0;
		};
		OBJ_27 /* Sources */ = {
			isa = PBXSourcesBuildPhase;
			buildActionMask = 0;
			files = (
				OBJ_28 /* CryptorRSATests.swift in Sources */,
			);
			runOnlyForDeploymentPostprocessing = 0;
		};
/* End PBXSourcesBuildPhase section */

/* Begin PBXTargetDependency section */
		OBJ_31 /* PBXTargetDependency */ = {
			isa = PBXTargetDependency;
			target = OBJ_16 /* CryptorRSA */;
			targetProxy = 8CF9FB6E1E2E6AA800F23746 /* PBXContainerItemProxy */;
		};
/* End PBXTargetDependency section */

/* Begin XCBuildConfiguration section */
		8C208BD121A86E9400DDD50E /* Debug */ = {
			isa = XCBuildConfiguration;
			buildSettings = {
				CLANG_ENABLE_OBJC_WEAK = YES;
				ENABLE_TESTABILITY = YES;
				FRAMEWORK_SEARCH_PATHS = "$(PLATFORM_DIR)/Developer/Library/Frameworks";
				HEADER_SEARCH_PATHS = "";
				INFOPLIST_FILE = "CryptorRSA-iOS/Info.plist";
				IPHONEOS_DEPLOYMENT_TARGET = 10.3;
				LD_RUNPATH_SEARCH_PATHS = "$(TOOLCHAIN_DIR)/usr/lib/swift/macosx";
				MACOSX_DEPLOYMENT_TARGET = 10.12;
				OTHER_LDFLAGS = "$(inherited)";
				OTHER_SWIFT_FLAGS = "$(inherited)";
				PRODUCT_BUNDLE_IDENTIFIER = com.ibm.oss.CryptorRSA;
				PRODUCT_MODULE_NAME = "$(TARGET_NAME:c99extidentifier)";
				PRODUCT_NAME = "$(TARGET_NAME)";
				SDKROOT = iphoneos;
				SUPPORTED_PLATFORMS = "iphonesimulator iphoneos";
				SWIFT_ACTIVE_COMPILATION_CONDITIONS = SWIFT_PACKAGE;
				SWIFT_INCLUDE_PATHS = "\"$SRCROOT/CommonCrypto\"";
				SWIFT_VERSION = 4.2;
				TARGET_NAME = CryptorRSA;
			};
			name = Debug;
		};
		8C208BD221A86E9400DDD50E /* Release */ = {
			isa = XCBuildConfiguration;
			buildSettings = {
				CLANG_ENABLE_OBJC_WEAK = YES;
				ENABLE_TESTABILITY = YES;
				FRAMEWORK_SEARCH_PATHS = "$(PLATFORM_DIR)/Developer/Library/Frameworks";
				HEADER_SEARCH_PATHS = "";
				INFOPLIST_FILE = "CryptorRSA-iOS/Info.plist";
				IPHONEOS_DEPLOYMENT_TARGET = 10.3;
				LD_RUNPATH_SEARCH_PATHS = "$(TOOLCHAIN_DIR)/usr/lib/swift/macosx";
				MACOSX_DEPLOYMENT_TARGET = 10.12;
				OTHER_LDFLAGS = "$(inherited)";
				OTHER_SWIFT_FLAGS = "$(inherited)";
				PRODUCT_BUNDLE_IDENTIFIER = com.ibm.oss.CryptorRSA;
				PRODUCT_MODULE_NAME = "$(TARGET_NAME:c99extidentifier)";
				PRODUCT_NAME = "$(TARGET_NAME)";
				SDKROOT = iphoneos;
				SUPPORTED_PLATFORMS = "iphonesimulator iphoneos";
				SWIFT_ACTIVE_COMPILATION_CONDITIONS = SWIFT_PACKAGE;
				SWIFT_INCLUDE_PATHS = "\"$SRCROOT/CommonCrypto\"";
				SWIFT_VERSION = 4.2;
				TARGET_NAME = CryptorRSA;
			};
			name = Release;
		};
		OBJ_18 /* Debug */ = {
			isa = XCBuildConfiguration;
			buildSettings = {
				CLANG_ENABLE_OBJC_WEAK = YES;
				ENABLE_TESTABILITY = YES;
				FRAMEWORK_SEARCH_PATHS = "$(PLATFORM_DIR)/Developer/Library/Frameworks";
				HEADER_SEARCH_PATHS = "";
				INFOPLIST_FILE = CryptorRSA.xcodeproj/CryptorRSA_Info.plist;
				LD_RUNPATH_SEARCH_PATHS = "$(TOOLCHAIN_DIR)/usr/lib/swift/macosx";
				MACOSX_DEPLOYMENT_TARGET = 10.12;
				OTHER_LDFLAGS = "$(inherited)";
				OTHER_SWIFT_FLAGS = "$(inherited)";
				PRODUCT_BUNDLE_IDENTIFIER = CryptorRSA;
				PRODUCT_MODULE_NAME = "$(TARGET_NAME:c99extidentifier)";
				PRODUCT_NAME = "$(TARGET_NAME:c99extidentifier)";
				SDKROOT = macosx;
				SUPPORTED_PLATFORMS = macosx;
				SWIFT_ACTIVE_COMPILATION_CONDITIONS = SWIFT_PACKAGE;
				SWIFT_INCLUDE_PATHS = "\"$SRCROOT/CommonCrypto\"";
				SWIFT_VERSION = 4.2;
				TARGET_NAME = CryptorRSA;
			};
			name = Debug;
		};
		OBJ_19 /* Release */ = {
			isa = XCBuildConfiguration;
			buildSettings = {
				CLANG_ENABLE_OBJC_WEAK = YES;
				ENABLE_TESTABILITY = YES;
				FRAMEWORK_SEARCH_PATHS = "$(PLATFORM_DIR)/Developer/Library/Frameworks";
				HEADER_SEARCH_PATHS = "";
				INFOPLIST_FILE = CryptorRSA.xcodeproj/CryptorRSA_Info.plist;
				LD_RUNPATH_SEARCH_PATHS = "$(TOOLCHAIN_DIR)/usr/lib/swift/macosx";
				MACOSX_DEPLOYMENT_TARGET = 10.12;
				OTHER_LDFLAGS = "$(inherited)";
				OTHER_SWIFT_FLAGS = "$(inherited)";
				PRODUCT_BUNDLE_IDENTIFIER = CryptorRSA;
				PRODUCT_MODULE_NAME = "$(TARGET_NAME:c99extidentifier)";
				PRODUCT_NAME = "$(TARGET_NAME:c99extidentifier)";
				SDKROOT = macosx;
				SUPPORTED_PLATFORMS = macosx;
				SWIFT_ACTIVE_COMPILATION_CONDITIONS = SWIFT_PACKAGE;
				SWIFT_INCLUDE_PATHS = "\"$SRCROOT/CommonCrypto\"";
				SWIFT_VERSION = 4.2;
				TARGET_NAME = CryptorRSA;
			};
			name = Release;
		};
		OBJ_25 /* Debug */ = {
			isa = XCBuildConfiguration;
			buildSettings = {
				ALWAYS_EMBED_SWIFT_STANDARD_LIBRARIES = YES;
				CLANG_ENABLE_OBJC_WEAK = YES;
				FRAMEWORK_SEARCH_PATHS = "$(PLATFORM_DIR)/Developer/Library/Frameworks";
				HEADER_SEARCH_PATHS = "";
				INFOPLIST_FILE = CryptorRSA.xcodeproj/CryptorRSATests_Info.plist;
				LD_RUNPATH_SEARCH_PATHS = "@loader_path/../Frameworks";
				MACOSX_DEPLOYMENT_TARGET = 10.12;
				OTHER_LDFLAGS = "$(inherited)";
				OTHER_SWIFT_FLAGS = "$(inherited)";
				SDKROOT = macosx;
				SUPPORTED_PLATFORMS = macosx;
				SWIFT_ACTIVE_COMPILATION_CONDITIONS = SWIFT_PACKAGE;
				SWIFT_VERSION = 4.2;
				TARGET_NAME = CryptorRSATests;
			};
			name = Debug;
		};
		OBJ_26 /* Release */ = {
			isa = XCBuildConfiguration;
			buildSettings = {
				ALWAYS_EMBED_SWIFT_STANDARD_LIBRARIES = YES;
				CLANG_ENABLE_OBJC_WEAK = YES;
				FRAMEWORK_SEARCH_PATHS = "$(PLATFORM_DIR)/Developer/Library/Frameworks";
				HEADER_SEARCH_PATHS = "";
				INFOPLIST_FILE = CryptorRSA.xcodeproj/CryptorRSATests_Info.plist;
				LD_RUNPATH_SEARCH_PATHS = "@loader_path/../Frameworks";
				MACOSX_DEPLOYMENT_TARGET = 10.12;
				OTHER_LDFLAGS = "$(inherited)";
				OTHER_SWIFT_FLAGS = "$(inherited)";
				SDKROOT = macosx;
				SUPPORTED_PLATFORMS = macosx;
				SWIFT_ACTIVE_COMPILATION_CONDITIONS = SWIFT_PACKAGE;
				SWIFT_VERSION = 4.2;
				TARGET_NAME = CryptorRSATests;
			};
			name = Release;
		};
		OBJ_3 /* Debug */ = {
			isa = XCBuildConfiguration;
			buildSettings = {
				CLANG_WARN_BLOCK_CAPTURE_AUTORELEASING = YES;
				CLANG_WARN_BOOL_CONVERSION = YES;
				CLANG_WARN_COMMA = YES;
				CLANG_WARN_CONSTANT_CONVERSION = YES;
				CLANG_WARN_DEPRECATED_OBJC_IMPLEMENTATIONS = YES;
				CLANG_WARN_EMPTY_BODY = YES;
				CLANG_WARN_ENUM_CONVERSION = YES;
				CLANG_WARN_INFINITE_RECURSION = YES;
				CLANG_WARN_INT_CONVERSION = YES;
				CLANG_WARN_NON_LITERAL_NULL_CONVERSION = YES;
				CLANG_WARN_OBJC_IMPLICIT_RETAIN_SELF = YES;
				CLANG_WARN_OBJC_LITERAL_CONVERSION = YES;
				CLANG_WARN_RANGE_LOOP_ANALYSIS = YES;
				CLANG_WARN_STRICT_PROTOTYPES = YES;
				CLANG_WARN_SUSPICIOUS_MOVE = YES;
				CLANG_WARN_UNREACHABLE_CODE = YES;
				CLANG_WARN__DUPLICATE_METHOD_MATCH = YES;
				COMBINE_HIDPI_IMAGES = YES;
				COPY_PHASE_STRIP = NO;
				DEBUG_INFORMATION_FORMAT = dwarf;
				DYLIB_INSTALL_NAME_BASE = "@rpath";
				ENABLE_NS_ASSERTIONS = YES;
				ENABLE_STRICT_OBJC_MSGSEND = YES;
				ENABLE_TESTABILITY = YES;
				GCC_NO_COMMON_BLOCKS = YES;
				GCC_OPTIMIZATION_LEVEL = 0;
				GCC_WARN_64_TO_32_BIT_CONVERSION = YES;
				GCC_WARN_ABOUT_RETURN_TYPE = YES;
				GCC_WARN_UNDECLARED_SELECTOR = YES;
				GCC_WARN_UNINITIALIZED_AUTOS = YES;
				GCC_WARN_UNUSED_FUNCTION = YES;
				GCC_WARN_UNUSED_VARIABLE = YES;
				MACOSX_DEPLOYMENT_TARGET = 10.10;
				ONLY_ACTIVE_ARCH = YES;
				OTHER_SWIFT_FLAGS = "-DXcode";
				PRODUCT_NAME = "$(TARGET_NAME)";
				SUPPORTED_PLATFORMS = "macosx iphoneos iphonesimulator appletvos appletvsimulator watchos watchsimulator";
				SWIFT_OPTIMIZATION_LEVEL = "-Onone";
				USE_HEADERMAP = NO;
			};
			name = Debug;
		};
		OBJ_4 /* Release */ = {
			isa = XCBuildConfiguration;
			buildSettings = {
				CLANG_WARN_BLOCK_CAPTURE_AUTORELEASING = YES;
				CLANG_WARN_BOOL_CONVERSION = YES;
				CLANG_WARN_COMMA = YES;
				CLANG_WARN_CONSTANT_CONVERSION = YES;
				CLANG_WARN_DEPRECATED_OBJC_IMPLEMENTATIONS = YES;
				CLANG_WARN_EMPTY_BODY = YES;
				CLANG_WARN_ENUM_CONVERSION = YES;
				CLANG_WARN_INFINITE_RECURSION = YES;
				CLANG_WARN_INT_CONVERSION = YES;
				CLANG_WARN_NON_LITERAL_NULL_CONVERSION = YES;
				CLANG_WARN_OBJC_IMPLICIT_RETAIN_SELF = YES;
				CLANG_WARN_OBJC_LITERAL_CONVERSION = YES;
				CLANG_WARN_RANGE_LOOP_ANALYSIS = YES;
				CLANG_WARN_STRICT_PROTOTYPES = YES;
				CLANG_WARN_SUSPICIOUS_MOVE = YES;
				CLANG_WARN_UNREACHABLE_CODE = YES;
				CLANG_WARN__DUPLICATE_METHOD_MATCH = YES;
				COMBINE_HIDPI_IMAGES = YES;
				COPY_PHASE_STRIP = YES;
				DEBUG_INFORMATION_FORMAT = "dwarf-with-dsym";
				DYLIB_INSTALL_NAME_BASE = "@rpath";
				ENABLE_STRICT_OBJC_MSGSEND = YES;
				GCC_NO_COMMON_BLOCKS = YES;
				GCC_OPTIMIZATION_LEVEL = s;
				GCC_WARN_64_TO_32_BIT_CONVERSION = YES;
				GCC_WARN_ABOUT_RETURN_TYPE = YES;
				GCC_WARN_UNDECLARED_SELECTOR = YES;
				GCC_WARN_UNINITIALIZED_AUTOS = YES;
				GCC_WARN_UNUSED_FUNCTION = YES;
				GCC_WARN_UNUSED_VARIABLE = YES;
				MACOSX_DEPLOYMENT_TARGET = 10.10;
				OTHER_SWIFT_FLAGS = "-DXcode";
				PRODUCT_NAME = "$(TARGET_NAME)";
				SUPPORTED_PLATFORMS = "macosx iphoneos iphonesimulator appletvos appletvsimulator watchos watchsimulator";
				SWIFT_OPTIMIZATION_LEVEL = "-Owholemodule";
				USE_HEADERMAP = NO;
			};
			name = Release;
		};
/* End XCBuildConfiguration section */

/* Begin XCConfigurationList section */
		8C208BD021A86E9400DDD50E /* Build configuration list for PBXNativeTarget "CryptorRSA-iOS" */ = {
			isa = XCConfigurationList;
			buildConfigurations = (
				8C208BD121A86E9400DDD50E /* Debug */,
				8C208BD221A86E9400DDD50E /* Release */,
			);
			defaultConfigurationIsVisible = 0;
			defaultConfigurationName = Debug;
		};
		OBJ_17 /* Build configuration list for PBXNativeTarget "CryptorRSA" */ = {
			isa = XCConfigurationList;
			buildConfigurations = (
				OBJ_18 /* Debug */,
				OBJ_19 /* Release */,
			);
			defaultConfigurationIsVisible = 0;
			defaultConfigurationName = Debug;
		};
		OBJ_2 /* Build configuration list for PBXProject "CryptorRSA" */ = {
			isa = XCConfigurationList;
			buildConfigurations = (
				OBJ_3 /* Debug */,
				OBJ_4 /* Release */,
			);
			defaultConfigurationIsVisible = 0;
			defaultConfigurationName = Debug;
		};
		OBJ_24 /* Build configuration list for PBXNativeTarget "CryptorRSATests" */ = {
			isa = XCConfigurationList;
			buildConfigurations = (
				OBJ_25 /* Debug */,
				OBJ_26 /* Release */,
			);
			defaultConfigurationIsVisible = 0;
			defaultConfigurationName = Debug;
		};
/* End XCConfigurationList section */
	};
	rootObject = OBJ_1 /* Project object */;
}
